
Microsoft Visual Studio Solution File, Format Version 12.00
# Visual Studio Version 17
VisualStudioVersion = 17.7.34031.279
MinimumVisualStudioVersion = 10.0.40219.1
Project("{FAE04EC0-301F-11D3-BF4B-00C04F79EFBC}") = "csv2cal.gui", "csv2cal.gui\csv2cal.gui.csproj", "{C63BAE7E-7041-4533-85AC-AB04EDF1B462}"
EndProject
Global
	GlobalSection(SolutionConfigurationPlatforms) = preSolution
		Debug|Any CPU = Debug|Any CPU
		Release|Any CPU = Release|Any CPU
	EndGlobalSection
	GlobalSection(ProjectConfigurationPlatforms) = postSolution
		{C63BAE7E-7041-4533-85AC-AB04EDF1B462}.Debug|Any CPU.ActiveCfg = Debug|Any CPU
		{C63BAE7E-7041-4533-85AC-AB04EDF1B462}.Debug|Any CPU.Build.0 = Debug|Any CPU
		{C63BAE7E-7041-4533-85AC-AB04EDF1B462}.Release|Any CPU.ActiveCfg = Release|Any CPU
		{C63BAE7E-7041-4533-85AC-AB04EDF1B462}.Release|Any CPU.Build.0 = Release|Any CPU
	EndGlobalSection
	GlobalSection(SolutionProperties) = preSolution
		HideSolutionNode = FALSE
	EndGlobalSection
	GlobalSection(ExtensibilityGlobals) = postSolution
		SolutionGuid = {8B9D8DCA-4F50-47BC-8D36-E60F29F85E17}
	EndGlobalSection
EndGlobal
